
Microsoft Visual Studio Solution File, Format Version 12.00
# Visual Studio Version 17
VisualStudioVersion = 17.7.34202.233
MinimumVisualStudioVersion = 10.0.40219.1
Project("{9A19103F-16F7-4668-BE54-9A1E7A4F7556}") = "FreakyFashionUmbraco", "FreakyFashionUmbraco.csproj", "{72B7A382-439C-483E-AF0F-6FD861964D25}"
EndProject
Global
	GlobalSection(SolutionConfigurationPlatforms) = preSolution
		Debug|Any CPU = Debug|Any CPU
		Release|Any CPU = Release|Any CPU
	EndGlobalSection
	GlobalSection(ProjectConfigurationPlatforms) = postSolution
		{72B7A382-439C-483E-AF0F-6FD861964D25}.Debug|Any CPU.ActiveCfg = Debug|Any CPU
		{72B7A382-439C-483E-AF0F-6FD861964D25}.Debug|Any CPU.Build.0 = Debug|Any CPU
		{72B7A382-439C-483E-AF0F-6FD861964D25}.Release|Any CPU.ActiveCfg = Release|Any CPU
		{72B7A382-439C-483E-AF0F-6FD861964D25}.Release|Any CPU.Build.0 = Release|Any CPU
	EndGlobalSection
	GlobalSection(SolutionProperties) = preSolution
		HideSolutionNode = FALSE
	EndGlobalSection
	GlobalSection(ExtensibilityGlobals) = postSolution
		SolutionGuid = {F452F4C6-E6D6-49E1-8233-E3FAB963C094}
	EndGlobalSection
EndGlobal
